# This file is automatically @generated by Cargo.
# It is not intended for manual editing.
version = 4

[[package]]
name = "ax88796b_rust"
version = "100.0.0"
dependencies = [
 "bindings",
 "build_error",
 "compiler_builtins",
 "ffi",
 "kernel",
 "macros",
 "pin_init",
 "pin_init_internal",
 "uapi",
]

[[package]]
name = "bindings"
version = "100.0.0"
dependencies = [
 "ffi",
]

[[package]]
name = "build_error"
version = "100.0.0"
dependencies = [
 "compiler_builtins",
]

[[package]]
name = "compiler_builtins"
version = "100.0.0"

[[package]]
name = "drm_panic_qr"
version = "100.0.0"
dependencies = [
 "bindings",
 "build_error",
 "compiler_builtins",
 "ffi",
 "kernel",
 "macros",
 "pin_init",
 "pin_init_internal",
 "uapi",
]

[[package]]
name = "ffi"
version = "100.0.0"

[[package]]
name = "kernel"
version = "100.0.0"
dependencies = [
 "bindings",
 "build_error",
 "compiler_builtins",
 "ffi",
 "macros",
 "pin_init",
 "pin_init_internal",
 "uapi",
]

[[package]]
name = "macros"
version = "100.0.0"

[[package]]
name = "nova_core"
version = "100.0.0"
dependencies = [
 "bindings",
 "build_error",
 "compiler_builtins",
 "ffi",
 "kernel",
 "macros",
 "pin_init",
 "pin_init_internal",
 "uapi",
]

[[package]]
name = "pin_init"
version = "100.0.0"
dependencies = [
 "macros",
 "pin_init_internal",
]

[[package]]
name = "pin_init_internal"
version = "100.0.0"

[[package]]
name = "qt2025"
version = "100.0.0"
dependencies = [
 "bindings",
 "build_error",
 "compiler_builtins",
 "ffi",
 "kernel",
 "macros",
 "pin_init",
 "pin_init_internal",
 "uapi",
]

[[package]]
name = "rnull"
version = "100.0.0"
dependencies = [
 "bindings",
 "build_error",
 "compiler_builtins",
 "ffi",
 "kernel",
 "macros",
 "pin_init",
 "pin_init_internal",
 "uapi",
]

[[package]]
name = "rust_dma"
version = "100.0.0"
dependencies = [
 "bindings",
 "build_error",
 "compiler_builtins",
 "ffi",
 "kernel",
 "macros",
 "pin_init",
 "pin_init_internal",
 "uapi",
]

[[package]]
name = "rust_driver_faux"
version = "100.0.0"
dependencies = [
 "bindings",
 "build_error",
 "compiler_builtins",
 "ffi",
 "kernel",
 "macros",
 "pin_init",
 "pin_init_internal",
 "uapi",
]

[[package]]
name = "rust_driver_pci"
version = "100.0.0"
dependencies = [
 "bindings",
 "build_error",
 "compiler_builtins",
 "ffi",
 "kernel",
 "macros",
 "pin_init",
 "pin_init_internal",
 "uapi",
]

[[package]]
name = "rust_driver_platform"
version = "100.0.0"
dependencies = [
 "bindings",
 "build_error",
 "compiler_builtins",
 "ffi",
 "kernel",
 "macros",
 "pin_init",
 "pin_init_internal",
 "uapi",
]

[[package]]
name = "rust_minimal"
version = "100.0.0"
dependencies = [
 "bindings",
 "build_error",
 "compiler_builtins",
 "ffi",
 "kernel",
 "macros",
 "pin_init",
 "pin_init_internal",
 "uapi",
]

[[package]]
name = "rust_misc_device"
version = "100.0.0"
dependencies = [
 "bindings",
 "build_error",
 "compiler_builtins",
 "ffi",
 "kernel",
 "macros",
 "pin_init",
 "pin_init_internal",
 "uapi",
]

[[package]]
name = "rust_print_main"
version = "100.0.0"
dependencies = [
 "bindings",
 "build_error",
 "compiler_builtins",
 "ffi",
 "kernel",
 "macros",
 "pin_init",
 "pin_init_internal",
 "uapi",
]

[[package]]
name = "uapi"
version = "100.0.0"
dependencies = [
 "ffi",
]
