<?xml version="1.0" encoding="utf-8"?>
<Project ToolsVersion="4.0" xmlns="http://schemas.microsoft.com/developer/msbuild/2003">
  <ItemGroup>
    <Filter Include="Source Files">
      <UniqueIdentifier>{4FC737F1-C7A5-4376-A066-2A32D752A2FF}</UniqueIdentifier>
      <Extensions>cpp;c;cc;cxx;def;odl;idl;hpj;bat;asm;asmx</Extensions>
    </Filter>
    <Filter Include="Header Files">
      <UniqueIdentifier>{93995380-89BD-4b04-88EB-625FBE52EBFB}</UniqueIdentifier>
      <Extensions>h;hpp;hxx;hm;inl;inc;xsd</Extensions>
    </Filter>
    <Filter Include="Resource Files">
      <UniqueIdentifier>{67DA6AB6-F800-4c08-8B7A-83BB121AAD01}</UniqueIdentifier>
      <Extensions>rc;ico;cur;bmp;dlg;rc2;rct;bin;rgs;gif;jpg;jpeg;jpe;resx;tiff;tif;png;wav;mfcribbon-ms</Extensions>
    </Filter>
  </ItemGroup>
  <ItemGroup>
    <ClCompile Include="src\libsodium\crypto_generichash\crypto_generichash.c">
      <Filter>Source Files</Filter>
    </ClCompile>
    <ClCompile Include="src\libsodium\crypto_generichash\blake2b\generichash_blake2.c">
      <Filter>Source Files</Filter>
    </ClCompile>
    <ClCompile Include="src\libsodium\crypto_generichash\blake2b\ref\blake2b-compress-ref.c">
      <Filter>Source Files</Filter>
    </ClCompile>
    <ClCompile Include="src\libsodium\crypto_generichash\blake2b\ref\blake2b-compress-ssse3.c">
      <Filter>Source Files</Filter>
    </ClCompile>
    <ClCompile Include="src\libsodium\crypto_generichash\blake2b\ref\blake2b-compress-avx2.c">
      <Filter>Source Files</Filter>
    </ClCompile>
    <ClCompile Include="src\libsodium\crypto_generichash\blake2b\ref\blake2b-compress-sse41.c">
      <Filter>Source Files</Filter>
    </ClCompile>
    <ClCompile Include="src\libsodium\crypto_generichash\blake2b\ref\generichash_blake2b.c">
      <Filter>Source Files</Filter>
    </ClCompile>
    <ClCompile Include="src\libsodium\crypto_generichash\blake2b\ref\blake2b-ref.c">
      <Filter>Source Files</Filter>
    </ClCompile>
    <ClCompile Include="src\libsodium\crypto_kx\crypto_kx.c">
      <Filter>Source Files</Filter>
    </ClCompile>
    <ClCompile Include="src\libsodium\crypto_sign\crypto_sign.c">
      <Filter>Source Files</Filter>
    </ClCompile>
    <ClCompile Include="src\libsodium\crypto_sign\ed25519\sign_ed25519.c">
      <Filter>Source Files</Filter>
    </ClCompile>
    <ClCompile Include="src\libsodium\crypto_sign\ed25519\ref10\obsolete.c">
      <Filter>Source Files</Filter>
    </ClCompile>
    <ClCompile Include="src\libsodium\crypto_sign\ed25519\ref10\sign.c">
      <Filter>Source Files</Filter>
    </ClCompile>
    <ClCompile Include="src\libsodium\crypto_sign\ed25519\ref10\keypair.c">
      <Filter>Source Files</Filter>
    </ClCompile>
    <ClCompile Include="src\libsodium\crypto_sign\ed25519\ref10\open.c">
      <Filter>Source Files</Filter>
    </ClCompile>
    <ClCompile Include="src\libsodium\crypto_secretbox\crypto_secretbox.c">
      <Filter>Source Files</Filter>
    </ClCompile>
    <ClCompile Include="src\libsodium\crypto_secretbox\crypto_secretbox_easy.c">
      <Filter>Source Files</Filter>
    </ClCompile>
    <ClCompile Include="src\libsodium\crypto_secretbox\xsalsa20poly1305\secretbox_xsalsa20poly1305.c">
      <Filter>Source Files</Filter>
    </ClCompile>
    <ClCompile Include="src\libsodium\crypto_secretbox\xchacha20poly1305\secretbox_xchacha20poly1305.c">
      <Filter>Source Files</Filter>
    </ClCompile>
    <ClCompile Include="src\libsodium\crypto_pwhash\crypto_pwhash.c">
      <Filter>Source Files</Filter>
    </ClCompile>
    <ClCompile Include="src\libsodium\crypto_pwhash\argon2\blake2b-long.c">
      <Filter>Source Files</Filter>
    </ClCompile>
    <ClCompile Include="src\libsodium\crypto_pwhash\argon2\argon2-core.c">
      <Filter>Source Files</Filter>
    </ClCompile>
    <ClCompile Include="src\libsodium\crypto_pwhash\argon2\argon2-fill-block-avx512f.c">
      <Filter>Source Files</Filter>
    </ClCompile>
    <ClCompile Include="src\libsodium\crypto_pwhash\argon2\argon2-fill-block-ref.c">
      <Filter>Source Files</Filter>
    </ClCompile>
    <ClCompile Include="src\libsodium\crypto_pwhash\argon2\argon2-fill-block-ssse3.c">
      <Filter>Source Files</Filter>
    </ClCompile>
    <ClCompile Include="src\libsodium\crypto_pwhash\argon2\pwhash_argon2i.c">
      <Filter>Source Files</Filter>
    </ClCompile>
    <ClCompile Include="src\libsodium\crypto_pwhash\argon2\pwhash_argon2id.c">
      <Filter>Source Files</Filter>
    </ClCompile>
    <ClCompile Include="src\libsodium\crypto_pwhash\argon2\argon2.c">
      <Filter>Source Files</Filter>
    </ClCompile>
    <ClCompile Include="src\libsodium\crypto_pwhash\argon2\argon2-fill-block-avx2.c">
      <Filter>Source Files</Filter>
    </ClCompile>
    <ClCompile Include="src\libsodium\crypto_pwhash\argon2\argon2-encoding.c">
      <Filter>Source Files</Filter>
    </ClCompile>
    <ClCompile Include="src\libsodium\crypto_pwhash\scryptsalsa208sha256\scrypt_platform.c">
      <Filter>Source Files</Filter>
    </ClCompile>
    <ClCompile Include="src\libsodium\crypto_pwhash\scryptsalsa208sha256\crypto_scrypt-common.c">
      <Filter>Source Files</Filter>
    </ClCompile>
    <ClCompile Include="src\libsodium\crypto_pwhash\scryptsalsa208sha256\pwhash_scryptsalsa208sha256.c">
      <Filter>Source Files</Filter>
    </ClCompile>
    <ClCompile Include="src\libsodium\crypto_pwhash\scryptsalsa208sha256\pbkdf2-sha256.c">
      <Filter>Source Files</Filter>
    </ClCompile>
    <ClCompile Include="src\libsodium\crypto_pwhash\scryptsalsa208sha256\nosse\pwhash_scryptsalsa208sha256_nosse.c">
      <Filter>Source Files</Filter>
    </ClCompile>
    <ClCompile Include="src\libsodium\crypto_pwhash\scryptsalsa208sha256\sse\pwhash_scryptsalsa208sha256_sse.c">
      <Filter>Source Files</Filter>
    </ClCompile>
    <ClCompile Include="src\libsodium\crypto_verify\sodium\verify.c">
      <Filter>Source Files</Filter>
    </ClCompile>
    <ClCompile Include="src\libsodium\crypto_auth\crypto_auth.c">
      <Filter>Source Files</Filter>
    </ClCompile>
    <ClCompile Include="src\libsodium\crypto_auth\hmacsha512\auth_hmacsha512.c">
      <Filter>Source Files</Filter>
    </ClCompile>
    <ClCompile Include="src\libsodium\crypto_auth\hmacsha512256\auth_hmacsha512256.c">
      <Filter>Source Files</Filter>
    </ClCompile>
    <ClCompile Include="src\libsodium\crypto_auth\hmacsha256\auth_hmacsha256.c">
      <Filter>Source Files</Filter>
    </ClCompile>
    <ClCompile Include="src\libsodium\crypto_kdf\crypto_kdf.c">
      <Filter>Source Files</Filter>
    </ClCompile>
    <ClCompile Include="src\libsodium\crypto_kdf\blake2b\kdf_blake2b.c">
      <Filter>Source Files</Filter>
    </ClCompile>
    <ClCompile Include="src\libsodium\crypto_shorthash\crypto_shorthash.c">
      <Filter>Source Files</Filter>
    </ClCompile>
    <ClCompile Include="src\libsodium\crypto_shorthash\siphash24\shorthash_siphash24.c">
      <Filter>Source Files</Filter>
    </ClCompile>
    <ClCompile Include="src\libsodium\crypto_shorthash\siphash24\shorthash_siphashx24.c">
      <Filter>Source Files</Filter>
    </ClCompile>
    <ClCompile Include="src\libsodium\crypto_shorthash\siphash24\ref\shorthash_siphashx24_ref.c">
      <Filter>Source Files</Filter>
    </ClCompile>
    <ClCompile Include="src\libsodium\crypto_shorthash\siphash24\ref\shorthash_siphash24_ref.c">
      <Filter>Source Files</Filter>
    </ClCompile>
    <ClCompile Include="src\libsodium\crypto_scalarmult\crypto_scalarmult.c">
      <Filter>Source Files</Filter>
    </ClCompile>
    <ClCompile Include="src\libsodium\crypto_scalarmult\ed25519\ref10\scalarmult_ed25519_ref10.c">
      <Filter>Source Files</Filter>
    </ClCompile>
    <ClCompile Include="src\libsodium\crypto_scalarmult\curve25519\scalarmult_curve25519.c">
      <Filter>Source Files</Filter>
    </ClCompile>
    <ClCompile Include="src\libsodium\crypto_scalarmult\curve25519\sandy2x\curve25519_sandy2x.c">
      <Filter>Source Files</Filter>
    </ClCompile>
    <ClCompile Include="src\libsodium\crypto_scalarmult\curve25519\sandy2x\fe_frombytes_sandy2x.c">
      <Filter>Source Files</Filter>
    </ClCompile>
    <ClCompile Include="src\libsodium\crypto_scalarmult\curve25519\sandy2x\fe51_invert.c">
      <Filter>Source Files</Filter>
    </ClCompile>
    <ClCompile Include="src\libsodium\crypto_scalarmult\curve25519\ref10\x25519_ref10.c">
      <Filter>Source Files</Filter>
    </ClCompile>
    <ClCompile Include="src\libsodium\crypto_onetimeauth\crypto_onetimeauth.c">
      <Filter>Source Files</Filter>
    </ClCompile>
    <ClCompile Include="src\libsodium\crypto_onetimeauth\poly1305\onetimeauth_poly1305.c">
      <Filter>Source Files</Filter>
    </ClCompile>
    <ClCompile Include="src\libsodium\crypto_onetimeauth\poly1305\donna\poly1305_donna.c">
      <Filter>Source Files</Filter>
    </ClCompile>
    <ClCompile Include="src\libsodium\crypto_onetimeauth\poly1305\sse2\poly1305_sse2.c">
      <Filter>Source Files</Filter>
    </ClCompile>
    <ClCompile Include="src\libsodium\randombytes\randombytes.c">
      <Filter>Source Files</Filter>
    </ClCompile>
    <ClCompile Include="src\libsodium\randombytes\sysrandom\randombytes_sysrandom.c">
      <Filter>Source Files</Filter>
    </ClCompile>
    <ClCompile Include="src\libsodium\randombytes\salsa20\randombytes_salsa20_random.c">
      <Filter>Source Files</Filter>
    </ClCompile>
    <ClCompile Include="src\libsodium\randombytes\nativeclient\randombytes_nativeclient.c">
      <Filter>Source Files</Filter>
    </ClCompile>
    <ClCompile Include="src\libsodium\crypto_box\crypto_box_easy.c">
      <Filter>Source Files</Filter>
    </ClCompile>
    <ClCompile Include="src\libsodium\crypto_box\crypto_box_seal.c">
      <Filter>Source Files</Filter>
    </ClCompile>
    <ClCompile Include="src\libsodium\crypto_box\crypto_box.c">
      <Filter>Source Files</Filter>
    </ClCompile>
    <ClCompile Include="src\libsodium\crypto_box\curve25519xsalsa20poly1305\box_curve25519xsalsa20poly1305.c">
      <Filter>Source Files</Filter>
    </ClCompile>
    <ClCompile Include="src\libsodium\crypto_box\curve25519xchacha20poly1305\box_curve25519xchacha20poly1305.c">
      <Filter>Source Files</Filter>
    </ClCompile>
    <ClCompile Include="src\libsodium\crypto_box\curve25519xchacha20poly1305\box_seal_curve25519xchacha20poly1305.c">
      <Filter>Source Files</Filter>
    </ClCompile>
    <ClCompile Include="src\libsodium\sodium\codecs.c">
      <Filter>Source Files</Filter>
    </ClCompile>
    <ClCompile Include="src\libsodium\sodium\runtime.c">
      <Filter>Source Files</Filter>
    </ClCompile>
    <ClCompile Include="src\libsodium\sodium\core.c">
      <Filter>Source Files</Filter>
    </ClCompile>
    <ClCompile Include="src\libsodium\sodium\utils.c">
      <Filter>Source Files</Filter>
    </ClCompile>
    <ClCompile Include="src\libsodium\sodium\version.c">
      <Filter>Source Files</Filter>
    </ClCompile>
    <ClCompile Include="src\libsodium\crypto_stream\crypto_stream.c">
      <Filter>Source Files</Filter>
    </ClCompile>
    <ClCompile Include="src\libsodium\crypto_stream\xchacha20\stream_xchacha20.c">
      <Filter>Source Files</Filter>
    </ClCompile>
    <ClCompile Include="src\libsodium\crypto_stream\chacha20\stream_chacha20.c">
      <Filter>Source Files</Filter>
    </ClCompile>
    <ClCompile Include="src\libsodium\crypto_stream\chacha20\ref\chacha20_ref.c">
      <Filter>Source Files</Filter>
    </ClCompile>
    <ClCompile Include="src\libsodium\crypto_stream\chacha20\dolbeau\chacha20_dolbeau-avx2.c">
      <Filter>Source Files</Filter>
    </ClCompile>
    <ClCompile Include="src\libsodium\crypto_stream\chacha20\dolbeau\chacha20_dolbeau-ssse3.c">
      <Filter>Source Files</Filter>
    </ClCompile>
    <ClCompile Include="src\libsodium\crypto_stream\salsa20\stream_salsa20.c">
      <Filter>Source Files</Filter>
    </ClCompile>
    <ClCompile Include="src\libsodium\crypto_stream\salsa20\ref\salsa20_ref.c">
      <Filter>Source Files</Filter>
    </ClCompile>
    <ClCompile Include="src\libsodium\crypto_stream\salsa20\xmm6int\salsa20_xmm6int-avx2.c">
      <Filter>Source Files</Filter>
    </ClCompile>
    <ClCompile Include="src\libsodium\crypto_stream\salsa20\xmm6int\salsa20_xmm6int-sse2.c">
      <Filter>Source Files</Filter>
    </ClCompile>
    <ClCompile Include="src\libsodium\crypto_stream\salsa20\xmm6\salsa20_xmm6.c">
      <Filter>Source Files</Filter>
    </ClCompile>
    <ClCompile Include="src\libsodium\crypto_stream\salsa2012\stream_salsa2012.c">
      <Filter>Source Files</Filter>
    </ClCompile>
    <ClCompile Include="src\libsodium\crypto_stream\salsa2012\ref\stream_salsa2012_ref.c">
      <Filter>Source Files</Filter>
    </ClCompile>
    <ClCompile Include="src\libsodium\crypto_stream\salsa208\stream_salsa208.c">
      <Filter>Source Files</Filter>
    </ClCompile>
    <ClCompile Include="src\libsodium\crypto_stream\salsa208\ref\stream_salsa208_ref.c">
      <Filter>Source Files</Filter>
    </ClCompile>
    <ClCompile Include="src\libsodium\crypto_stream\xsalsa20\stream_xsalsa20.c">
      <Filter>Source Files</Filter>
    </ClCompile>
    <ClCompile Include="src\libsodium\crypto_hash\crypto_hash.c">
      <Filter>Source Files</Filter>
    </ClCompile>
    <ClCompile Include="src\libsodium\crypto_hash\sha512\hash_sha512.c">
      <Filter>Source Files</Filter>
    </ClCompile>
    <ClCompile Include="src\libsodium\crypto_hash\sha512\cp\hash_sha512_cp.c">
      <Filter>Source Files</Filter>
    </ClCompile>
    <ClCompile Include="src\libsodium\crypto_hash\sha256\hash_sha256.c">
      <Filter>Source Files</Filter>
    </ClCompile>
    <ClCompile Include="src\libsodium\crypto_hash\sha256\cp\hash_sha256_cp.c">
      <Filter>Source Files</Filter>
    </ClCompile>
    <ClCompile Include="src\libsodium\crypto_aead\xchacha20poly1305\sodium\aead_xchacha20poly1305.c">
      <Filter>Source Files</Filter>
    </ClCompile>
    <ClCompile Include="src\libsodium\crypto_aead\aes256gcm\aesni\aead_aes256gcm_aesni.c">
      <Filter>Source Files</Filter>
    </ClCompile>
    <ClCompile Include="src\libsodium\crypto_aead\chacha20poly1305\sodium\aead_chacha20poly1305.c">
      <Filter>Source Files</Filter>
    </ClCompile>
    <ClCompile Include="src\libsodium\crypto_secretstream\xchacha20poly1305\secretstream_xchacha20poly1305.c">
      <Filter>Source Files</Filter>
    </ClCompile>
    <ClCompile Include="src\libsodium\crypto_core\salsa\ref\core_salsa_ref.c">
      <Filter>Source Files</Filter>
    </ClCompile>
    <ClCompile Include="src\libsodium\crypto_core\hchacha20\core_hchacha20.c">
      <Filter>Source Files</Filter>
    </ClCompile>
    <ClCompile Include="src\libsodium\crypto_core\hsalsa20\core_hsalsa20.c">
      <Filter>Source Files</Filter>
    </ClCompile>
    <ClCompile Include="src\libsodium\crypto_core\hsalsa20\ref2\core_hsalsa20_ref2.c">
      <Filter>Source Files</Filter>
    </ClCompile>
    <ClCompile Include="src\libsodium\crypto_core\ed25519\core_ed25519.c">
      <Filter>Source Files</Filter>
    </ClCompile>
    <ClCompile Include="src\libsodium\crypto_core\ed25519\ref10\ed25519_ref10.c">
      <Filter>Source Files</Filter>
    </ClCompile>
  </ItemGroup>
  <ItemGroup>
    <ClInclude Include="src\libsodium\crypto_generichash\blake2b\ref\blake2b-load-sse2.h">
      <Filter>Header Files</Filter>
    </ClInclude>
    <ClInclude Include="src\libsodium\crypto_generichash\blake2b\ref\blake2b-load-avx2.h">
      <Filter>Header Files</Filter>
    </ClInclude>
    <ClInclude Include="src\libsodium\crypto_generichash\blake2b\ref\blake2.h">
      <Filter>Header Files</Filter>
    </ClInclude>
    <ClInclude Include="src\libsodium\crypto_generichash\blake2b\ref\blake2b-compress-ssse3.h">
      <Filter>Header Files</Filter>
    </ClInclude>
    <ClInclude Include="src\libsodium\crypto_generichash\blake2b\ref\blake2b-load-sse41.h">
      <Filter>Header Files</Filter>
    </ClInclude>
    <ClInclude Include="src\libsodium\crypto_generichash\blake2b\ref\blake2b-compress-avx2.h">
      <Filter>Header Files</Filter>
    </ClInclude>
    <ClInclude Include="src\libsodium\crypto_generichash\blake2b\ref\blake2b-compress-sse41.h">
      <Filter>Header Files</Filter>
    </ClInclude>
    <ClInclude Include="src\libsodium\crypto_sign\ed25519\ref10\sign_ed25519_ref10.h">
      <Filter>Header Files</Filter>
    </ClInclude>
    <ClInclude Include="src\libsodium\include\sodium.h">
      <Filter>Header Files</Filter>
    </ClInclude>
    <ClInclude Include="src\libsodium\include\sodium\crypto_stream_salsa2012.h">
      <Filter>Header Files</Filter>
    </ClInclude>
    <ClInclude Include="src\libsodium\include\sodium\crypto_auth.h">
      <Filter>Header Files</Filter>
    </ClInclude>
    <ClInclude Include="src\libsodium\include\sodium\utils.h">
      <Filter>Header Files</Filter>
    </ClInclude>
    <ClInclude Include="src\libsodium\include\sodium\crypto_core_hchacha20.h">
      <Filter>Header Files</Filter>
    </ClInclude>
    <ClInclude Include="src\libsodium\include\sodium\crypto_hash_sha512.h">
      <Filter>Header Files</Filter>
    </ClInclude>
    <ClInclude Include="src\libsodium\include\sodium\core.h">
      <Filter>Header Files</Filter>
    </ClInclude>
    <ClInclude Include="src\libsodium\include\sodium\export.h">
      <Filter>Header Files</Filter>
    </ClInclude>
    <ClInclude Include="src\libsodium\include\sodium\randombytes_salsa20_random.h">
      <Filter>Header Files</Filter>
    </ClInclude>
    <ClInclude Include="src\libsodium\include\sodium\crypto_core_salsa20.h">
      <Filter>Header Files</Filter>
    </ClInclude>
    <ClInclude Include="src\libsodium\include\sodium\crypto_shorthash_siphash24.h">
      <Filter>Header Files</Filter>
    </ClInclude>
    <ClInclude Include="src\libsodium\include\sodium\randombytes.h">
      <Filter>Header Files</Filter>
    </ClInclude>
    <ClInclude Include="src\libsodium\include\sodium\crypto_hash_sha256.h">
      <Filter>Header Files</Filter>
    </ClInclude>
    <ClInclude Include="src\libsodium\include\sodium\crypto_stream.h">
      <Filter>Header Files</Filter>
    </ClInclude>
    <ClInclude Include="src\libsodium\include\sodium\crypto_auth_hmacsha512.h">
      <Filter>Header Files</Filter>
    </ClInclude>
    <ClInclude Include="src\libsodium\include\sodium\crypto_aead_xchacha20poly1305.h">
      <Filter>Header Files</Filter>
    </ClInclude>
    <ClInclude Include="src\libsodium\include\sodium\crypto_stream_salsa20.h">
      <Filter>Header Files</Filter>
    </ClInclude>
    <ClInclude Include="src\libsodium\include\sodium\crypto_onetimeauth_poly1305.h">
      <Filter>Header Files</Filter>
    </ClInclude>
    <ClInclude Include="src\libsodium\include\sodium\crypto_kx.h">
      <Filter>Header Files</Filter>
    </ClInclude>
    <ClInclude Include="src\libsodium\include\sodium\crypto_hash.h">
      <Filter>Header Files</Filter>
    </ClInclude>
    <ClInclude Include="src\libsodium\include\sodium\crypto_sign.h">
      <Filter>Header Files</Filter>
    </ClInclude>
    <ClInclude Include="src\libsodium\include\sodium\crypto_kdf.h">
      <Filter>Header Files</Filter>
    </ClInclude>
    <ClInclude Include="src\libsodium\include\sodium\crypto_auth_hmacsha256.h">
      <Filter>Header Files</Filter>
    </ClInclude>
    <ClInclude Include="src\libsodium\include\sodium\crypto_box.h">
      <Filter>Header Files</Filter>
    </ClInclude>
    <ClInclude Include="src\libsodium\include\sodium\crypto_verify_32.h">
      <Filter>Header Files</Filter>
    </ClInclude>
    <ClInclude Include="src\libsodium\include\sodium\crypto_stream_xchacha20.h">
      <Filter>Header Files</Filter>
    </ClInclude>
    <ClInclude Include="src\libsodium\include\sodium\crypto_core_salsa208.h">
      <Filter>Header Files</Filter>
    </ClInclude>
    <ClInclude Include="src\libsodium\include\sodium\crypto_auth_hmacsha512256.h">
      <Filter>Header Files</Filter>
    </ClInclude>
    <ClInclude Include="src\libsodium\include\sodium\crypto_aead_chacha20poly1305.h">
      <Filter>Header Files</Filter>
    </ClInclude>
    <ClInclude Include="src\libsodium\include\sodium\randombytes_sysrandom.h">
      <Filter>Header Files</Filter>
    </ClInclude>
    <ClInclude Include="src\libsodium\include\sodium\runtime.h">
      <Filter>Header Files</Filter>
    </ClInclude>
    <ClInclude Include="src\libsodium\include\sodium\crypto_stream_salsa208.h">
      <Filter>Header Files</Filter>
    </ClInclude>
    <ClInclude Include="src\libsodium\include\sodium\crypto_aead_aes256gcm.h">
      <Filter>Header Files</Filter>
    </ClInclude>
    <ClInclude Include="src\libsodium\include\sodium\crypto_core_salsa2012.h">
      <Filter>Header Files</Filter>
    </ClInclude>
    <ClInclude Include="src\libsodium\include\sodium\crypto_secretbox_xchacha20poly1305.h">
      <Filter>Header Files</Filter>
    </ClInclude>
    <ClInclude Include="src\libsodium\include\sodium\randombytes_nativeclient.h">
      <Filter>Header Files</Filter>
    </ClInclude>
    <ClInclude Include="src\libsodium\include\sodium\crypto_scalarmult.h">
      <Filter>Header Files</Filter>
    </ClInclude>
    <ClInclude Include="src\libsodium\include\sodium\crypto_pwhash.h">
      <Filter>Header Files</Filter>
    </ClInclude>
    <ClInclude Include="src\libsodium\include\sodium\crypto_verify_16.h">
      <Filter>Header Files</Filter>
    </ClInclude>
    <ClInclude Include="src\libsodium\include\sodium\crypto_stream_chacha20.h">
      <Filter>Header Files</Filter>
    </ClInclude>
    <ClInclude Include="src\libsodium\include\sodium\crypto_stream_xsalsa20.h">
      <Filter>Header Files</Filter>
    </ClInclude>
    <ClInclude Include="src\libsodium\include\sodium\crypto_core_hsalsa20.h">
      <Filter>Header Files</Filter>
    </ClInclude>
    <ClInclude Include="src\libsodium\include\sodium\crypto_kdf_blake2b.h">
      <Filter>Header Files</Filter>
    </ClInclude>
    <ClInclude Include="src\libsodium\include\sodium\crypto_scalarmult_curve25519.h">
      <Filter>Header Files</Filter>
    </ClInclude>
    <ClInclude Include="src\libsodium\include\sodium\crypto_shorthash.h">
      <Filter>Header Files</Filter>
    </ClInclude>
    <ClInclude Include="src\libsodium\include\sodium\crypto_pwhash_argon2id.h">
      <Filter>Header Files</Filter>
    </ClInclude>
    <ClInclude Include="src\libsodium\include\sodium\crypto_secretstream_xchacha20poly1305.h">
      <Filter>Header Files</Filter>
    </ClInclude>
    <ClInclude Include="src\libsodium\include\sodium\crypto_pwhash_scryptsalsa208sha256.h">
      <Filter>Header Files</Filter>
    </ClInclude>
    <ClInclude Include="src\libsodium\include\sodium\crypto_sign_ed25519.h">
      <Filter>Header Files</Filter>
    </ClInclude>
    <ClInclude Include="src\libsodium\include\sodium\crypto_onetimeauth.h">
      <Filter>Header Files</Filter>
    </ClInclude>
    <ClInclude Include="src\libsodium\include\sodium\crypto_verify_64.h">
      <Filter>Header Files</Filter>
    </ClInclude>
    <ClInclude Include="src\libsodium\include\sodium\crypto_box_curve25519xchacha20poly1305.h">
      <Filter>Header Files</Filter>
    </ClInclude>
    <ClInclude Include="src\libsodium\include\sodium\crypto_core_ed25519.h">
      <Filter>Header Files</Filter>
    </ClInclude>
    <ClInclude Include="src\libsodium\include\sodium\crypto_pwhash_argon2i.h">
      <Filter>Header Files</Filter>
    </ClInclude>
    <ClInclude Include="src\libsodium\include\sodium\crypto_generichash.h">
      <Filter>Header Files</Filter>
    </ClInclude>
    <ClInclude Include="src\libsodium\include\sodium\crypto_secretbox_xsalsa20poly1305.h">
      <Filter>Header Files</Filter>
    </ClInclude>
    <ClInclude Include="src\libsodium\include\sodium\crypto_secretbox.h">
      <Filter>Header Files</Filter>
    </ClInclude>
    <ClInclude Include="src\libsodium\include\sodium\crypto_scalarmult_ed25519.h">
      <Filter>Header Files</Filter>
    </ClInclude>
    <ClInclude Include="src\libsodium\include\sodium\crypto_box_curve25519xsalsa20poly1305.h">
      <Filter>Header Files</Filter>
    </ClInclude>
    <ClInclude Include="src\libsodium\include\sodium\crypto_generichash_blake2b.h">
      <Filter>Header Files</Filter>
    </ClInclude>
    <ClInclude Include="src\libsodium\include\sodium\crypto_sign_edwards25519sha512batch.h">
      <Filter>Header Files</Filter>
    </ClInclude>
    <ClInclude Include="src\libsodium\include\sodium\private\ed25519_ref10.h">
      <Filter>Header Files</Filter>
    </ClInclude>
    <ClInclude Include="src\libsodium\include\sodium\private\ed25519_ref10_fe_25_5.h">
      <Filter>Header Files</Filter>
    </ClInclude>
    <ClInclude Include="src\libsodium\include\sodium\private\ed25519_ref10_fe_51.h">
      <Filter>Header Files</Filter>
    </ClInclude>
    <ClInclude Include="src\libsodium\include\sodium\private\sse2_64_32.h">
      <Filter>Header Files</Filter>
    </ClInclude>
    <ClInclude Include="src\libsodium\include\sodium\private\common.h">
      <Filter>Header Files</Filter>
    </ClInclude>
    <ClInclude Include="src\libsodium\include\sodium\private\mutex.h">
      <Filter>Header Files</Filter>
    </ClInclude>
    <ClInclude Include="src\libsodium\include\sodium\private\implementations.h">
      <Filter>Header Files</Filter>
    </ClInclude>
    <ClInclude Include="src\libsodium\crypto_pwhash\argon2\blamka-round-ref.h">
      <Filter>Header Files</Filter>
    </ClInclude>
    <ClInclude Include="src\libsodium\crypto_pwhash\argon2\blamka-round-avx2.h">
      <Filter>Header Files</Filter>
    </ClInclude>
    <ClInclude Include="src\libsodium\crypto_pwhash\argon2\argon2.h">
      <Filter>Header Files</Filter>
    </ClInclude>
    <ClInclude Include="src\libsodium\crypto_pwhash\argon2\blamka-round-ssse3.h">
      <Filter>Header Files</Filter>
    </ClInclude>
    <ClInclude Include="src\libsodium\crypto_pwhash\argon2\argon2-encoding.h">
      <Filter>Header Files</Filter>
    </ClInclude>
    <ClInclude Include="src\libsodium\crypto_pwhash\argon2\blake2b-long.h">
      <Filter>Header Files</Filter>
    </ClInclude>
    <ClInclude Include="src\libsodium\crypto_pwhash\argon2\blamka-round-avx512f.h">
      <Filter>Header Files</Filter>
    </ClInclude>
    <ClInclude Include="src\libsodium\crypto_pwhash\argon2\argon2-core.h">
      <Filter>Header Files</Filter>
    </ClInclude>
    <ClInclude Include="src\libsodium\crypto_pwhash\scryptsalsa208sha256\crypto_scrypt.h">
      <Filter>Header Files</Filter>
    </ClInclude>
    <ClInclude Include="src\libsodium\crypto_pwhash\scryptsalsa208sha256\pbkdf2-sha256.h">
      <Filter>Header Files</Filter>
    </ClInclude>
    <ClInclude Include="src\libsodium\crypto_shorthash\siphash24\ref\shorthash_siphash_ref.h">
      <Filter>Header Files</Filter>
    </ClInclude>
    <ClInclude Include="src\libsodium\crypto_scalarmult\curve25519\scalarmult_curve25519.h">
      <Filter>Header Files</Filter>
    </ClInclude>
    <ClInclude Include="src\libsodium\crypto_scalarmult\curve25519\sandy2x\consts_namespace.h">
      <Filter>Header Files</Filter>
    </ClInclude>
    <ClInclude Include="src\libsodium\crypto_scalarmult\curve25519\sandy2x\ladder_namespace.h">
      <Filter>Header Files</Filter>
    </ClInclude>
    <ClInclude Include="src\libsodium\crypto_scalarmult\curve25519\sandy2x\fe.h">
      <Filter>Header Files</Filter>
    </ClInclude>
    <ClInclude Include="src\libsodium\crypto_scalarmult\curve25519\sandy2x\ladder_base_namespace.h">
      <Filter>Header Files</Filter>
    </ClInclude>
    <ClInclude Include="src\libsodium\crypto_scalarmult\curve25519\sandy2x\ladder.h">
      <Filter>Header Files</Filter>
    </ClInclude>
    <ClInclude Include="src\libsodium\crypto_scalarmult\curve25519\sandy2x\fe51.h">
      <Filter>Header Files</Filter>
    </ClInclude>
    <ClInclude Include="src\libsodium\crypto_scalarmult\curve25519\sandy2x\curve25519_sandy2x.h">
      <Filter>Header Files</Filter>
    </ClInclude>
    <ClInclude Include="src\libsodium\crypto_scalarmult\curve25519\sandy2x\fe51_namespace.h">
      <Filter>Header Files</Filter>
    </ClInclude>
    <ClInclude Include="src\libsodium\crypto_scalarmult\curve25519\sandy2x\ladder_base.h">
      <Filter>Header Files</Filter>
    </ClInclude>
    <ClInclude Include="src\libsodium\crypto_scalarmult\curve25519\ref10\x25519_ref10.h">
      <Filter>Header Files</Filter>
    </ClInclude>
    <ClInclude Include="src\libsodium\crypto_onetimeauth\poly1305\onetimeauth_poly1305.h">
      <Filter>Header Files</Filter>
    </ClInclude>
    <ClInclude Include="src\libsodium\crypto_onetimeauth\poly1305\donna\poly1305_donna.h">
      <Filter>Header Files</Filter>
    </ClInclude>
    <ClInclude Include="src\libsodium\crypto_onetimeauth\poly1305\donna\poly1305_donna64.h">
      <Filter>Header Files</Filter>
    </ClInclude>
    <ClInclude Include="src\libsodium\crypto_onetimeauth\poly1305\donna\poly1305_donna32.h">
      <Filter>Header Files</Filter>
    </ClInclude>
    <ClInclude Include="src\libsodium\crypto_onetimeauth\poly1305\sse2\poly1305_sse2.h">
      <Filter>Header Files</Filter>
    </ClInclude>
    <ClInclude Include="src\libsodium\crypto_stream\chacha20\stream_chacha20.h">
      <Filter>Header Files</Filter>
    </ClInclude>
    <ClInclude Include="src\libsodium\crypto_stream\chacha20\ref\chacha20_ref.h">
      <Filter>Header Files</Filter>
    </ClInclude>
    <ClInclude Include="src\libsodium\crypto_stream\chacha20\dolbeau\u4.h">
      <Filter>Header Files</Filter>
    </ClInclude>
    <ClInclude Include="src\libsodium\crypto_stream\chacha20\dolbeau\chacha20_dolbeau-ssse3.h">
      <Filter>Header Files</Filter>
    </ClInclude>
    <ClInclude Include="src\libsodium\crypto_stream\chacha20\dolbeau\u0.h">
      <Filter>Header Files</Filter>
    </ClInclude>
    <ClInclude Include="src\libsodium\crypto_stream\chacha20\dolbeau\u1.h">
      <Filter>Header Files</Filter>
    </ClInclude>
    <ClInclude Include="src\libsodium\crypto_stream\chacha20\dolbeau\chacha20_dolbeau-avx2.h">
      <Filter>Header Files</Filter>
    </ClInclude>
    <ClInclude Include="src\libsodium\crypto_stream\chacha20\dolbeau\u8.h">
      <Filter>Header Files</Filter>
    </ClInclude>
    <ClInclude Include="src\libsodium\crypto_stream\salsa20\stream_salsa20.h">
      <Filter>Header Files</Filter>
    </ClInclude>
    <ClInclude Include="src\libsodium\crypto_stream\salsa20\ref\salsa20_ref.h">
      <Filter>Header Files</Filter>
    </ClInclude>
    <ClInclude Include="src\libsodium\crypto_stream\salsa20\xmm6int\u4.h">
      <Filter>Header Files</Filter>
    </ClInclude>
    <ClInclude Include="src\libsodium\crypto_stream\salsa20\xmm6int\u0.h">
      <Filter>Header Files</Filter>
    </ClInclude>
    <ClInclude Include="src\libsodium\crypto_stream\salsa20\xmm6int\u1.h">
      <Filter>Header Files</Filter>
    </ClInclude>
    <ClInclude Include="src\libsodium\crypto_stream\salsa20\xmm6int\salsa20_xmm6int-avx2.h">
      <Filter>Header Files</Filter>
    </ClInclude>
    <ClInclude Include="src\libsodium\crypto_stream\salsa20\xmm6int\u8.h">
      <Filter>Header Files</Filter>
    </ClInclude>
    <ClInclude Include="src\libsodium\crypto_stream\salsa20\xmm6int\salsa20_xmm6int-sse2.h">
      <Filter>Header Files</Filter>
    </ClInclude>
    <ClInclude Include="src\libsodium\crypto_stream\salsa20\xmm6\salsa20_xmm6.h">
      <Filter>Header Files</Filter>
    </ClInclude>
    <ClInclude Include="src\libsodium\crypto_core\ed25519\ref10\fe_25_5\constants.h">
      <Filter>Header Files</Filter>
    </ClInclude>
    <ClInclude Include="src\libsodium\crypto_core\ed25519\ref10\fe_25_5\fe.h">
      <Filter>Header Files</Filter>
    </ClInclude>
    <ClInclude Include="src\libsodium\crypto_core\ed25519\ref10\fe_25_5\base2.h">
      <Filter>Header Files</Filter>
    </ClInclude>
    <ClInclude Include="src\libsodium\crypto_core\ed25519\ref10\fe_25_5\base.h">
      <Filter>Header Files</Filter>
    </ClInclude>
    <ClInclude Include="src\libsodium\crypto_core\ed25519\ref10\fe_51\constants.h">
      <Filter>Header Files</Filter>
    </ClInclude>
    <ClInclude Include="src\libsodium\crypto_core\ed25519\ref10\fe_51\fe.h">
      <Filter>Header Files</Filter>
    </ClInclude>
    <ClInclude Include="src\libsodium\crypto_core\ed25519\ref10\fe_51\base2.h">
      <Filter>Header Files</Filter>
    </ClInclude>
    <ClInclude Include="src\libsodium\crypto_core\ed25519\ref10\fe_51\base.h">
      <Filter>Header Files</Filter>
    </ClInclude>
  </ItemGroup>
</Project>
