# SPDX-License-Identifier: GPL-2.0
%YAML 1.2
---
$id: http://devicetree.org/schemas/clock/milbeaut-clock.yaml#
$schema: http://devicetree.org/meta-schemas/core.yaml#

title: Milbeaut SoCs Clock Controller

maintainers:
  - Taichi Sugaya <sugaya.taichi@socionext.com>

description: |
  Milbeaut SoCs Clock controller is an integrated clock controller, which
  generates and supplies to all modules.

  This binding uses common clock bindings
  [1] Documentation/devicetree/bindings/clock/clock-bindings.txt

properties:
  compatible:
    enum:
      - socionext,milbeaut-m10v-ccu

  reg:
    maxItems: 1

  clocks:
    maxItems: 1
    description: external clock

  '#clock-cells':
    const: 1

required:
  - compatible
  - reg
  - clocks
  - '#clock-cells'

additionalProperties: false

examples:
  - |
    clock-controller@1d021000 {
        compatible = "socionext,milbeaut-m10v-ccu";
        reg = <0x1d021000 0x4000>;
        #clock-cells = <1>;
        clocks = <&clki40mhz>;
    };
...
