<?xml version="1.0" encoding="utf-8"?>
<Project ToolsVersion="4.0" xmlns="http://schemas.microsoft.com/developer/msbuild/2003">
  <ItemGroup>
    <ClCompile Include="..\..\bpf_dump.c">
      <Filter>Source Files</Filter>
    </ClCompile>
    <ClCompile Include="..\..\bpf\net\bpf_filter.c">
      <Filter>Source Files</Filter>
    </ClCompile>
    <ClCompile Include="..\..\bpf_image.c">
      <Filter>Source Files</Filter>
    </ClCompile>
    <ClCompile Include="..\..\etherent.c">
      <Filter>Source Files</Filter>
    </ClCompile>
    <ClCompile Include="..\..\gencode.c">
      <Filter>Source Files</Filter>
    </ClCompile>
    <ClCompile Include="..\..\grammar.c">
      <Filter>Source Files</Filter>
    </ClCompile>
    <ClCompile Include="..\..\inet.c">
      <Filter>Source Files</Filter>
    </ClCompile>
    <ClCompile Include="..\..\nametoaddr.c">
      <Filter>Source Files</Filter>
    </ClCompile>
    <ClCompile Include="..\..\optimize.c">
      <Filter>Source Files</Filter>
    </ClCompile>
    <ClCompile Include="..\..\pcap.c">
      <Filter>Source Files</Filter>
    </ClCompile>
    <ClCompile Include="..\..\pcap-win32.c">
      <Filter>Source Files</Filter>
    </ClCompile>
    <ClCompile Include="..\..\savefile.c">
      <Filter>Source Files</Filter>
    </ClCompile>
    <ClCompile Include="..\..\scanner.c">
      <Filter>Source Files</Filter>
    </ClCompile>
    <ClCompile Include="..\..\sf-pcap.c">
      <Filter>Source Files</Filter>
    </ClCompile>
    <ClCompile Include="..\..\sf-pcapng.c">
      <Filter>Source Files</Filter>
    </ClCompile>
    <ClCompile Include="..\..\pcap-common.c">
      <Filter>Source Files</Filter>
    </ClCompile>
    <ClCompile Include="..\..\fad-helpers.c">
      <Filter>Source Files</Filter>
    </ClCompile>
    <ClCompile Include="..\..\missing\win_snprintf.c">
      <Filter>Source Files</Filter>
    </ClCompile>
    <ClCompile Include="..\..\pcap-new.c">
      <Filter>Source Files</Filter>
    </ClCompile>
    <ClCompile Include="..\..\pcap-rpcap.c">
      <Filter>Source Files</Filter>
    </ClCompile>
    <ClCompile Include="..\..\sockutils.c">
      <Filter>Source Files</Filter>
    </ClCompile>
  </ItemGroup>
  <ItemGroup>
    <Filter Include="Header Files">
      <UniqueIdentifier>{c51dce5e-0da9-4e33-a235-d5c76c76485c}</UniqueIdentifier>
    </Filter>
    <Filter Include="Source Files">
      <UniqueIdentifier>{5ec9fd4b-10b5-4527-b249-56b53d844fb1}</UniqueIdentifier>
    </Filter>
    <Filter Include="Resource Files">
      <UniqueIdentifier>{c90886f0-8973-436b-a7a1-b9e881544f9a}</UniqueIdentifier>
    </Filter>
  </ItemGroup>
  <ItemGroup>
    <ClInclude Include="..\..\pcap-stdinc.h">
      <Filter>Header Files</Filter>
    </ClInclude>
    <ClInclude Include="..\..\pcap-common.h">
      <Filter>Header Files</Filter>
    </ClInclude>
    <ClInclude Include="..\..\pcap.h">
      <Filter>Header Files</Filter>
    </ClInclude>
    <ClInclude Include="..\..\pcap-int.h">
      <Filter>Header Files</Filter>
    </ClInclude>
    <ClInclude Include="..\..\pcap-rpcap.h">
      <Filter>Header Files</Filter>
    </ClInclude>
    <ClInclude Include="..\..\remote-ext.h">
      <Filter>Header Files</Filter>
    </ClInclude>
    <ClInclude Include="..\..\sockutils.h">
      <Filter>Header Files</Filter>
    </ClInclude>
  </ItemGroup>
  <ItemGroup>
    <ResourceCompile Include="..\..\..\Win32-Extensions\version.rc">
      <Filter>Resource Files</Filter>
    </ResourceCompile>
  </ItemGroup>
</Project>
